
Microsoft Visual Studio Solution File, Format Version 12.00
# Visual Studio Version 16
VisualStudioVersion = 16.0.30907.101
MinimumVisualStudioVersion = 10.0.40219.1
Project("{9A19103F-16F7-4668-BE54-9A1E7A4F7556}") = "SimpleCSharpProgram", "SimpleCSharpProgram\SimpleCSharpProgram.csproj", "{214B4321-2ABF-4DD5-9170-354447E23AF9}"
EndProject
Global
	GlobalSection(SolutionConfigurationPlatforms) = preSolution
		Debug|Any CPU = Debug|Any CPU
		Release|Any CPU = Release|Any CPU
	EndGlobalSection
	GlobalSection(ProjectConfigurationPlatforms) = postSolution
		{214B4321-2ABF-4DD5-9170-354447E23AF9}.Debug|Any CPU.ActiveCfg = Debug|Any CPU
		{214B4321-2ABF-4DD5-9170-354447E23AF9}.Debug|Any CPU.Build.0 = Debug|Any CPU
		{214B4321-2ABF-4DD5-9170-354447E23AF9}.Release|Any CPU.ActiveCfg = Release|Any CPU
		{214B4321-2ABF-4DD5-9170-354447E23AF9}.Release|Any CPU.Build.0 = Release|Any CPU
	EndGlobalSection
	GlobalSection(SolutionProperties) = preSolution
		HideSolutionNode = FALSE
	EndGlobalSection
	GlobalSection(ExtensibilityGlobals) = postSolution
		SolutionGuid = {693E47B9-8542-4638-93A5-299B4815721C}
	EndGlobalSection
EndGlobal
